
Microsoft Visual Studio Solution File, Format Version 12.00
# Visual Studio Version 16
VisualStudioVersion = 16.0.31515.178
MinimumVisualStudioVersion = 10.0.40219.1
Project("{FAE04EC0-301F-11D3-BF4B-00C04F79EFBC}") = "CustomBackground.Android", "CustomBackground\CustomBackground.Android\CustomBackground.Android.csproj", "{7F6A92FE-3BE5-42A7-9DDF-C95DAFCACAA4}"
EndProject
Project("{FAE04EC0-301F-11D3-BF4B-00C04F79EFBC}") = "CustomBackground.iOS", "CustomBackground\CustomBackground.iOS\CustomBackground.iOS.csproj", "{31865A2F-FC39-4813-BB4A-3DA06258FAB8}"
EndProject
Project("{FAE04EC0-301F-11D3-BF4B-00C04F79EFBC}") = "CustomBackground", "CustomBackground\CustomBackground\CustomBackground.csproj", "{CAEF3E89-AFA3-4741-B653-0F7ABE9A8092}"
EndProject
Global
	GlobalSection(SolutionConfigurationPlatforms) = preSolution
		Debug|Any CPU = Debug|Any CPU
		Debug|iPhone = Debug|iPhone
		Debug|iPhoneSimulator = Debug|iPhoneSimulator
		Release|Any CPU = Release|Any CPU
		Release|iPhone = Release|iPhone
		Release|iPhoneSimulator = Release|iPhoneSimulator
	EndGlobalSection
	GlobalSection(ProjectConfigurationPlatforms) = postSolution
		{7F6A92FE-3BE5-42A7-9DDF-C95DAFCACAA4}.Debug|Any CPU.ActiveCfg = Debug|Any CPU
		{7F6A92FE-3BE5-42A7-9DDF-C95DAFCACAA4}.Debug|Any CPU.Build.0 = Debug|Any CPU
		{7F6A92FE-3BE5-42A7-9DDF-C95DAFCACAA4}.Debug|Any CPU.Deploy.0 = Debug|Any CPU
		{7F6A92FE-3BE5-42A7-9DDF-C95DAFCACAA4}.Debug|iPhone.ActiveCfg = Debug|Any CPU
		{7F6A92FE-3BE5-42A7-9DDF-C95DAFCACAA4}.Debug|iPhone.Build.0 = Debug|Any CPU
		{7F6A92FE-3BE5-42A7-9DDF-C95DAFCACAA4}.Debug|iPhone.Deploy.0 = Debug|Any CPU
		{7F6A92FE-3BE5-42A7-9DDF-C95DAFCACAA4}.Debug|iPhoneSimulator.ActiveCfg = Debug|Any CPU
		{7F6A92FE-3BE5-42A7-9DDF-C95DAFCACAA4}.Debug|iPhoneSimulator.Build.0 = Debug|Any CPU
		{7F6A92FE-3BE5-42A7-9DDF-C95DAFCACAA4}.Debug|iPhoneSimulator.Deploy.0 = Debug|Any CPU
		{7F6A92FE-3BE5-42A7-9DDF-C95DAFCACAA4}.Release|Any CPU.ActiveCfg = Release|Any CPU
		{7F6A92FE-3BE5-42A7-9DDF-C95DAFCACAA4}.Release|Any CPU.Build.0 = Release|Any CPU
		{7F6A92FE-3BE5-42A7-9DDF-C95DAFCACAA4}.Release|Any CPU.Deploy.0 = Release|Any CPU
		{7F6A92FE-3BE5-42A7-9DDF-C95DAFCACAA4}.Release|iPhone.ActiveCfg = Release|Any CPU
		{7F6A92FE-3BE5-42A7-9DDF-C95DAFCACAA4}.Release|iPhone.Build.0 = Release|Any CPU
		{7F6A92FE-3BE5-42A7-9DDF-C95DAFCACAA4}.Release|iPhone.Deploy.0 = Release|Any CPU
		{7F6A92FE-3BE5-42A7-9DDF-C95DAFCACAA4}.Release|iPhoneSimulator.ActiveCfg = Release|Any CPU
		{7F6A92FE-3BE5-42A7-9DDF-C95DAFCACAA4}.Release|iPhoneSimulator.Build.0 = Release|Any CPU
		{7F6A92FE-3BE5-42A7-9DDF-C95DAFCACAA4}.Release|iPhoneSimulator.Deploy.0 = Release|Any CPU
		{31865A2F-FC39-4813-BB4A-3DA06258FAB8}.Debug|Any CPU.ActiveCfg = Debug|iPhone
		{31865A2F-FC39-4813-BB4A-3DA06258FAB8}.Debug|Any CPU.Build.0 = Debug|iPhone
		{31865A2F-FC39-4813-BB4A-3DA06258FAB8}.Debug|Any CPU.Deploy.0 = Debug|iPhone
		{31865A2F-FC39-4813-BB4A-3DA06258FAB8}.Debug|iPhone.ActiveCfg = Debug|iPhone
		{31865A2F-FC39-4813-BB4A-3DA06258FAB8}.Debug|iPhone.Build.0 = Debug|iPhone
		{31865A2F-FC39-4813-BB4A-3DA06258FAB8}.Debug|iPhone.Deploy.0 = Debug|iPhone
		{31865A2F-FC39-4813-BB4A-3DA06258FAB8}.Debug|iPhoneSimulator.ActiveCfg = Debug|iPhoneSimulator
		{31865A2F-FC39-4813-BB4A-3DA06258FAB8}.Debug|iPhoneSimulator.Build.0 = Debug|iPhoneSimulator
		{31865A2F-FC39-4813-BB4A-3DA06258FAB8}.Debug|iPhoneSimulator.Deploy.0 = Debug|iPhoneSimulator
		{31865A2F-FC39-4813-BB4A-3DA06258FAB8}.Release|Any CPU.ActiveCfg = Release|iPhoneSimulator
		{31865A2F-FC39-4813-BB4A-3DA06258FAB8}.Release|Any CPU.Build.0 = Release|iPhoneSimulator
		{31865A2F-FC39-4813-BB4A-3DA06258FAB8}.Release|Any CPU.Deploy.0 = Release|iPhoneSimulator
		{31865A2F-FC39-4813-BB4A-3DA06258FAB8}.Release|iPhone.ActiveCfg = Release|iPhone
		{31865A2F-FC39-4813-BB4A-3DA06258FAB8}.Release|iPhone.Build.0 = Release|iPhone
		{31865A2F-FC39-4813-BB4A-3DA06258FAB8}.Release|iPhone.Deploy.0 = Release|iPhone
		{31865A2F-FC39-4813-BB4A-3DA06258FAB8}.Release|iPhoneSimulator.ActiveCfg = Release|iPhoneSimulator
		{31865A2F-FC39-4813-BB4A-3DA06258FAB8}.Release|iPhoneSimulator.Build.0 = Release|iPhoneSimulator
		{31865A2F-FC39-4813-BB4A-3DA06258FAB8}.Release|iPhoneSimulator.Deploy.0 = Release|iPhoneSimulator
		{CAEF3E89-AFA3-4741-B653-0F7ABE9A8092}.Debug|Any CPU.ActiveCfg = Debug|Any CPU
		{CAEF3E89-AFA3-4741-B653-0F7ABE9A8092}.Debug|Any CPU.Build.0 = Debug|Any CPU
		{CAEF3E89-AFA3-4741-B653-0F7ABE9A8092}.Debug|Any CPU.Deploy.0 = Debug|Any CPU
		{CAEF3E89-AFA3-4741-B653-0F7ABE9A8092}.Debug|iPhone.ActiveCfg = Debug|Any CPU
		{CAEF3E89-AFA3-4741-B653-0F7ABE9A8092}.Debug|iPhone.Build.0 = Debug|Any CPU
		{CAEF3E89-AFA3-4741-B653-0F7ABE9A8092}.Debug|iPhone.Deploy.0 = Debug|Any CPU
		{CAEF3E89-AFA3-4741-B653-0F7ABE9A8092}.Debug|iPhoneSimulator.ActiveCfg = Debug|Any CPU
		{CAEF3E89-AFA3-4741-B653-0F7ABE9A8092}.Debug|iPhoneSimulator.Build.0 = Debug|Any CPU
		{CAEF3E89-AFA3-4741-B653-0F7ABE9A8092}.Debug|iPhoneSimulator.Deploy.0 = Debug|Any CPU
		{CAEF3E89-AFA3-4741-B653-0F7ABE9A8092}.Release|Any CPU.ActiveCfg = Release|Any CPU
		{CAEF3E89-AFA3-4741-B653-0F7ABE9A8092}.Release|Any CPU.Build.0 = Release|Any CPU
		{CAEF3E89-AFA3-4741-B653-0F7ABE9A8092}.Release|Any CPU.Deploy.0 = Release|Any CPU
		{CAEF3E89-AFA3-4741-B653-0F7ABE9A8092}.Release|iPhone.ActiveCfg = Release|Any CPU
		{CAEF3E89-AFA3-4741-B653-0F7ABE9A8092}.Release|iPhone.Build.0 = Release|Any CPU
		{CAEF3E89-AFA3-4741-B653-0F7ABE9A8092}.Release|iPhone.Deploy.0 = Release|Any CPU
		{CAEF3E89-AFA3-4741-B653-0F7ABE9A8092}.Release|iPhoneSimulator.ActiveCfg = Release|Any CPU
		{CAEF3E89-AFA3-4741-B653-0F7ABE9A8092}.Release|iPhoneSimulator.Build.0 = Release|Any CPU
		{CAEF3E89-AFA3-4741-B653-0F7ABE9A8092}.Release|iPhoneSimulator.Deploy.0 = Release|Any CPU
	EndGlobalSection
	GlobalSection(SolutionProperties) = preSolution
		HideSolutionNode = FALSE
	EndGlobalSection
	GlobalSection(ExtensibilityGlobals) = postSolution
		SolutionGuid = {CD332C67-1C5E-4C8C-9073-49CA0EEADAF5}
	EndGlobalSection
EndGlobal
