
Microsoft Visual Studio Solution File, Format Version 12.00
# Visual Studio Version 16
VisualStudioVersion = 16.0.31515.178
MinimumVisualStudioVersion = 10.0.40219.1
Project("{FAE04EC0-301F-11D3-BF4B-00C04F79EFBC}") = "CustomEntryEffect.Android", "CustomEntryEffect\CustomEntryEffect.Android\CustomEntryEffect.Android.csproj", "{8FA96B3C-08AE-4915-8E38-4C7051F6EFE8}"
EndProject
Project("{FAE04EC0-301F-11D3-BF4B-00C04F79EFBC}") = "CustomEntryEffect.iOS", "CustomEntryEffect\CustomEntryEffect.iOS\CustomEntryEffect.iOS.csproj", "{61D3D91A-563A-455C-823A-D898F8494ACC}"
EndProject
Project("{FAE04EC0-301F-11D3-BF4B-00C04F79EFBC}") = "CustomEntryEffect", "CustomEntryEffect\CustomEntryEffect\CustomEntryEffect.csproj", "{4363B0FE-674D-4ADD-9E34-C8883B0ADC81}"
EndProject
Global
	GlobalSection(SolutionConfigurationPlatforms) = preSolution
		Debug|Any CPU = Debug|Any CPU
		Debug|iPhone = Debug|iPhone
		Debug|iPhoneSimulator = Debug|iPhoneSimulator
		Release|Any CPU = Release|Any CPU
		Release|iPhone = Release|iPhone
		Release|iPhoneSimulator = Release|iPhoneSimulator
	EndGlobalSection
	GlobalSection(ProjectConfigurationPlatforms) = postSolution
		{8FA96B3C-08AE-4915-8E38-4C7051F6EFE8}.Debug|Any CPU.ActiveCfg = Debug|Any CPU
		{8FA96B3C-08AE-4915-8E38-4C7051F6EFE8}.Debug|Any CPU.Build.0 = Debug|Any CPU
		{8FA96B3C-08AE-4915-8E38-4C7051F6EFE8}.Debug|Any CPU.Deploy.0 = Debug|Any CPU
		{8FA96B3C-08AE-4915-8E38-4C7051F6EFE8}.Debug|iPhone.ActiveCfg = Debug|Any CPU
		{8FA96B3C-08AE-4915-8E38-4C7051F6EFE8}.Debug|iPhone.Build.0 = Debug|Any CPU
		{8FA96B3C-08AE-4915-8E38-4C7051F6EFE8}.Debug|iPhone.Deploy.0 = Debug|Any CPU
		{8FA96B3C-08AE-4915-8E38-4C7051F6EFE8}.Debug|iPhoneSimulator.ActiveCfg = Debug|Any CPU
		{8FA96B3C-08AE-4915-8E38-4C7051F6EFE8}.Debug|iPhoneSimulator.Build.0 = Debug|Any CPU
		{8FA96B3C-08AE-4915-8E38-4C7051F6EFE8}.Debug|iPhoneSimulator.Deploy.0 = Debug|Any CPU
		{8FA96B3C-08AE-4915-8E38-4C7051F6EFE8}.Release|Any CPU.ActiveCfg = Release|Any CPU
		{8FA96B3C-08AE-4915-8E38-4C7051F6EFE8}.Release|Any CPU.Build.0 = Release|Any CPU
		{8FA96B3C-08AE-4915-8E38-4C7051F6EFE8}.Release|Any CPU.Deploy.0 = Release|Any CPU
		{8FA96B3C-08AE-4915-8E38-4C7051F6EFE8}.Release|iPhone.ActiveCfg = Release|Any CPU
		{8FA96B3C-08AE-4915-8E38-4C7051F6EFE8}.Release|iPhone.Build.0 = Release|Any CPU
		{8FA96B3C-08AE-4915-8E38-4C7051F6EFE8}.Release|iPhone.Deploy.0 = Release|Any CPU
		{8FA96B3C-08AE-4915-8E38-4C7051F6EFE8}.Release|iPhoneSimulator.ActiveCfg = Release|Any CPU
		{8FA96B3C-08AE-4915-8E38-4C7051F6EFE8}.Release|iPhoneSimulator.Build.0 = Release|Any CPU
		{8FA96B3C-08AE-4915-8E38-4C7051F6EFE8}.Release|iPhoneSimulator.Deploy.0 = Release|Any CPU
		{61D3D91A-563A-455C-823A-D898F8494ACC}.Debug|Any CPU.ActiveCfg = Debug|iPhone
		{61D3D91A-563A-455C-823A-D898F8494ACC}.Debug|Any CPU.Build.0 = Debug|iPhone
		{61D3D91A-563A-455C-823A-D898F8494ACC}.Debug|Any CPU.Deploy.0 = Debug|iPhone
		{61D3D91A-563A-455C-823A-D898F8494ACC}.Debug|iPhone.ActiveCfg = Debug|iPhone
		{61D3D91A-563A-455C-823A-D898F8494ACC}.Debug|iPhone.Build.0 = Debug|iPhone
		{61D3D91A-563A-455C-823A-D898F8494ACC}.Debug|iPhone.Deploy.0 = Debug|iPhone
		{61D3D91A-563A-455C-823A-D898F8494ACC}.Debug|iPhoneSimulator.ActiveCfg = Debug|iPhoneSimulator
		{61D3D91A-563A-455C-823A-D898F8494ACC}.Debug|iPhoneSimulator.Build.0 = Debug|iPhoneSimulator
		{61D3D91A-563A-455C-823A-D898F8494ACC}.Debug|iPhoneSimulator.Deploy.0 = Debug|iPhoneSimulator
		{61D3D91A-563A-455C-823A-D898F8494ACC}.Release|Any CPU.ActiveCfg = Release|iPhoneSimulator
		{61D3D91A-563A-455C-823A-D898F8494ACC}.Release|Any CPU.Build.0 = Release|iPhoneSimulator
		{61D3D91A-563A-455C-823A-D898F8494ACC}.Release|Any CPU.Deploy.0 = Release|iPhoneSimulator
		{61D3D91A-563A-455C-823A-D898F8494ACC}.Release|iPhone.ActiveCfg = Release|iPhone
		{61D3D91A-563A-455C-823A-D898F8494ACC}.Release|iPhone.Build.0 = Release|iPhone
		{61D3D91A-563A-455C-823A-D898F8494ACC}.Release|iPhone.Deploy.0 = Release|iPhone
		{61D3D91A-563A-455C-823A-D898F8494ACC}.Release|iPhoneSimulator.ActiveCfg = Release|iPhoneSimulator
		{61D3D91A-563A-455C-823A-D898F8494ACC}.Release|iPhoneSimulator.Build.0 = Release|iPhoneSimulator
		{61D3D91A-563A-455C-823A-D898F8494ACC}.Release|iPhoneSimulator.Deploy.0 = Release|iPhoneSimulator
		{4363B0FE-674D-4ADD-9E34-C8883B0ADC81}.Debug|Any CPU.ActiveCfg = Debug|Any CPU
		{4363B0FE-674D-4ADD-9E34-C8883B0ADC81}.Debug|Any CPU.Build.0 = Debug|Any CPU
		{4363B0FE-674D-4ADD-9E34-C8883B0ADC81}.Debug|Any CPU.Deploy.0 = Debug|Any CPU
		{4363B0FE-674D-4ADD-9E34-C8883B0ADC81}.Debug|iPhone.ActiveCfg = Debug|Any CPU
		{4363B0FE-674D-4ADD-9E34-C8883B0ADC81}.Debug|iPhone.Build.0 = Debug|Any CPU
		{4363B0FE-674D-4ADD-9E34-C8883B0ADC81}.Debug|iPhone.Deploy.0 = Debug|Any CPU
		{4363B0FE-674D-4ADD-9E34-C8883B0ADC81}.Debug|iPhoneSimulator.ActiveCfg = Debug|Any CPU
		{4363B0FE-674D-4ADD-9E34-C8883B0ADC81}.Debug|iPhoneSimulator.Build.0 = Debug|Any CPU
		{4363B0FE-674D-4ADD-9E34-C8883B0ADC81}.Debug|iPhoneSimulator.Deploy.0 = Debug|Any CPU
		{4363B0FE-674D-4ADD-9E34-C8883B0ADC81}.Release|Any CPU.ActiveCfg = Release|Any CPU
		{4363B0FE-674D-4ADD-9E34-C8883B0ADC81}.Release|Any CPU.Build.0 = Release|Any CPU
		{4363B0FE-674D-4ADD-9E34-C8883B0ADC81}.Release|Any CPU.Deploy.0 = Release|Any CPU
		{4363B0FE-674D-4ADD-9E34-C8883B0ADC81}.Release|iPhone.ActiveCfg = Release|Any CPU
		{4363B0FE-674D-4ADD-9E34-C8883B0ADC81}.Release|iPhone.Build.0 = Release|Any CPU
		{4363B0FE-674D-4ADD-9E34-C8883B0ADC81}.Release|iPhone.Deploy.0 = Release|Any CPU
		{4363B0FE-674D-4ADD-9E34-C8883B0ADC81}.Release|iPhoneSimulator.ActiveCfg = Release|Any CPU
		{4363B0FE-674D-4ADD-9E34-C8883B0ADC81}.Release|iPhoneSimulator.Build.0 = Release|Any CPU
		{4363B0FE-674D-4ADD-9E34-C8883B0ADC81}.Release|iPhoneSimulator.Deploy.0 = Release|Any CPU
	EndGlobalSection
	GlobalSection(SolutionProperties) = preSolution
		HideSolutionNode = FALSE
	EndGlobalSection
	GlobalSection(ExtensibilityGlobals) = postSolution
		SolutionGuid = {206A6895-0EDE-46F6-9C1A-C1EAAB5FF12D}
	EndGlobalSection
EndGlobal
